
Microsoft Visual Studio Solution File, Format Version 12.00
# Visual Studio Version 16
VisualStudioVersion = 16.0.30309.148
MinimumVisualStudioVersion = 10.0.40219.1
Project("{FAE04EC0-301F-11D3-BF4B-00C04F79EFBC}") = "DockerWebApplication", "DockerWebApplication\DockerWebApplication.csproj", "{02547288-389C-47DA-AA75-730F0B9B2433}"
EndProject
Global
	GlobalSection(SolutionConfigurationPlatforms) = preSolution
		Debug|Any CPU = Debug|Any CPU
		Release|Any CPU = Release|Any CPU
	EndGlobalSection
	GlobalSection(ProjectConfigurationPlatforms) = postSolution
		{02547288-389C-47DA-AA75-730F0B9B2433}.Debug|Any CPU.ActiveCfg = Debug|Any CPU
		{02547288-389C-47DA-AA75-730F0B9B2433}.Debug|Any CPU.Build.0 = Debug|Any CPU
		{02547288-389C-47DA-AA75-730F0B9B2433}.Release|Any CPU.ActiveCfg = Release|Any CPU
		{02547288-389C-47DA-AA75-730F0B9B2433}.Release|Any CPU.Build.0 = Release|Any CPU
	EndGlobalSection
	GlobalSection(SolutionProperties) = preSolution
		HideSolutionNode = FALSE
	EndGlobalSection
	GlobalSection(ExtensibilityGlobals) = postSolution
		SolutionGuid = {1FD53607-69AE-453B-83D7-B78569176F50}
	EndGlobalSection
EndGlobal
